
Microsoft Visual Studio Solution File, Format Version 11.00
# Visual Studio 2010
Project("{FAE04EC0-301F-11D3-BF4B-00C04F79EFBC}") = "IValuesh.Dicionario", "IValuesh.Dicionario\IValuesh.Dicionario.csproj", "{A7462563-5BBD-4212-8A47-1F1CF8D2264B}"
EndProject
Project("{FAE04EC0-301F-11D3-BF4B-00C04F79EFBC}") = "FormExame", "FormExameIValue.Isaac\FormExame.csproj", "{453CAAF2-12B3-4389-BDB8-A2FAAFBFB6ED}"
EndProject
Global
	GlobalSection(SolutionConfigurationPlatforms) = preSolution
		Debug|Any CPU = Debug|Any CPU
		Debug|Mixed Platforms = Debug|Mixed Platforms
		Debug|x86 = Debug|x86
		Release|Any CPU = Release|Any CPU
		Release|Mixed Platforms = Release|Mixed Platforms
		Release|x86 = Release|x86
	EndGlobalSection
	GlobalSection(ProjectConfigurationPlatforms) = postSolution
		{A7462563-5BBD-4212-8A47-1F1CF8D2264B}.Debug|Any CPU.ActiveCfg = Debug|Any CPU
		{A7462563-5BBD-4212-8A47-1F1CF8D2264B}.Debug|Any CPU.Build.0 = Debug|Any CPU
		{A7462563-5BBD-4212-8A47-1F1CF8D2264B}.Debug|Mixed Platforms.ActiveCfg = Debug|Any CPU
		{A7462563-5BBD-4212-8A47-1F1CF8D2264B}.Debug|Mixed Platforms.Build.0 = Debug|Any CPU
		{A7462563-5BBD-4212-8A47-1F1CF8D2264B}.Debug|x86.ActiveCfg = Debug|Any CPU
		{A7462563-5BBD-4212-8A47-1F1CF8D2264B}.Release|Any CPU.ActiveCfg = Release|Any CPU
		{A7462563-5BBD-4212-8A47-1F1CF8D2264B}.Release|Any CPU.Build.0 = Release|Any CPU
		{A7462563-5BBD-4212-8A47-1F1CF8D2264B}.Release|Mixed Platforms.ActiveCfg = Release|Any CPU
		{A7462563-5BBD-4212-8A47-1F1CF8D2264B}.Release|Mixed Platforms.Build.0 = Release|Any CPU
		{A7462563-5BBD-4212-8A47-1F1CF8D2264B}.Release|x86.ActiveCfg = Release|Any CPU
		{453CAAF2-12B3-4389-BDB8-A2FAAFBFB6ED}.Debug|Any CPU.ActiveCfg = Debug|x86
		{453CAAF2-12B3-4389-BDB8-A2FAAFBFB6ED}.Debug|Mixed Platforms.ActiveCfg = Debug|x86
		{453CAAF2-12B3-4389-BDB8-A2FAAFBFB6ED}.Debug|Mixed Platforms.Build.0 = Debug|x86
		{453CAAF2-12B3-4389-BDB8-A2FAAFBFB6ED}.Debug|x86.ActiveCfg = Debug|x86
		{453CAAF2-12B3-4389-BDB8-A2FAAFBFB6ED}.Debug|x86.Build.0 = Debug|x86
		{453CAAF2-12B3-4389-BDB8-A2FAAFBFB6ED}.Release|Any CPU.ActiveCfg = Release|x86
		{453CAAF2-12B3-4389-BDB8-A2FAAFBFB6ED}.Release|Mixed Platforms.ActiveCfg = Release|x86
		{453CAAF2-12B3-4389-BDB8-A2FAAFBFB6ED}.Release|Mixed Platforms.Build.0 = Release|x86
		{453CAAF2-12B3-4389-BDB8-A2FAAFBFB6ED}.Release|x86.ActiveCfg = Release|x86
		{453CAAF2-12B3-4389-BDB8-A2FAAFBFB6ED}.Release|x86.Build.0 = Release|x86
	EndGlobalSection
	GlobalSection(SolutionProperties) = preSolution
		HideSolutionNode = FALSE
	EndGlobalSection
EndGlobal
