
Microsoft Visual Studio Solution File, Format Version 11.00
# Visual C# Express 2010
Project("{FAE04EC0-301F-11D3-BF4B-00C04F79EFBC}") = "IValueshApp", "IValueshApp\IValueshApp.csproj", "{43DE17C7-E85C-47E8-A571-67A9DB12C52F}"
EndProject
Global
	GlobalSection(SolutionConfigurationPlatforms) = preSolution
		Debug|x86 = Debug|x86
		Release|x86 = Release|x86
	EndGlobalSection
	GlobalSection(ProjectConfigurationPlatforms) = postSolution
		{43DE17C7-E85C-47E8-A571-67A9DB12C52F}.Debug|x86.ActiveCfg = Debug|x86
		{43DE17C7-E85C-47E8-A571-67A9DB12C52F}.Debug|x86.Build.0 = Debug|x86
		{43DE17C7-E85C-47E8-A571-67A9DB12C52F}.Release|x86.ActiveCfg = Release|x86
		{43DE17C7-E85C-47E8-A571-67A9DB12C52F}.Release|x86.Build.0 = Release|x86
	EndGlobalSection
	GlobalSection(SolutionProperties) = preSolution
		HideSolutionNode = FALSE
	EndGlobalSection
EndGlobal
